
Microsoft Visual Studio Solution File, Format Version 12.00
# Visual Studio 15
VisualStudioVersion = 15.0.28307.645
MinimumVisualStudioVersion = 10.0.40219.1
Project("{FAE04EC0-301F-11D3-BF4B-00C04F79EFBC}") = "Calbulance", "Calbulance\Calbulance.csproj", "{D12C9E89-D64B-497A-B8BD-54A3AFB5E508}"
EndProject
Global
	GlobalSection(SolutionConfigurationPlatforms) = preSolution
		Debug|Any CPU = Debug|Any CPU
		Release|Any CPU = Release|Any CPU
	EndGlobalSection
	GlobalSection(ProjectConfigurationPlatforms) = postSolution
		{D12C9E89-D64B-497A-B8BD-54A3AFB5E508}.Debug|Any CPU.ActiveCfg = Debug|Any CPU
		{D12C9E89-D64B-497A-B8BD-54A3AFB5E508}.Debug|Any CPU.Build.0 = Debug|Any CPU
		{D12C9E89-D64B-497A-B8BD-54A3AFB5E508}.Release|Any CPU.ActiveCfg = Release|Any CPU
		{D12C9E89-D64B-497A-B8BD-54A3AFB5E508}.Release|Any CPU.Build.0 = Release|Any CPU
	EndGlobalSection
	GlobalSection(SolutionProperties) = preSolution
		HideSolutionNode = FALSE
	EndGlobalSection
	GlobalSection(ExtensibilityGlobals) = postSolution
		SolutionGuid = {5F7D34A3-5D64-4FBC-BCEA-45B20C254454}
	EndGlobalSection
EndGlobal
